
Microsoft Visual Studio Solution File, Format Version 11.00
# Visual Studio 2010
Project("{FAE04EC0-301F-11D3-BF4B-00C04F79EFBC}") = "Assembly-CSharp", "Assembly-CSharp.csproj", "{0bcdf6a9-6a0f-5bd4-ea30-5571ccfb25d0}"
EndProject
Project("{FAE04EC0-301F-11D3-BF4B-00C04F79EFBC}") = "Assembly-CSharp-Editor", "Assembly-CSharp-Editor.csproj", "{671a7659-29ec-aaeb-f6b7-16161ec94ffd}"
EndProject
Project("{FAE04EC0-301F-11D3-BF4B-00C04F79EFBC}") = "ALP8310_ControllerGlobal", "ALP8310_ControllerGlobal.csproj", "{480e5cde-2bf1-ab23-829b-f82a9f6e5e7d}"
EndProject
Project("{FAE04EC0-301F-11D3-BF4B-00C04F79EFBC}") = "ALP8310_ControllerGlobal.Editor", "ALP8310_ControllerGlobal.Editor.csproj", "{085d9882-dbe0-1476-85d6-13e1295bf091}"
EndProject
Global
	GlobalSection(SolutionConfigurationPlatforms) = preSolution
		Debug|Any CPU = Debug|Any CPU
	EndGlobalSection
	GlobalSection(ProjectConfigurationPlatforms) = postSolution
		{0bcdf6a9-6a0f-5bd4-ea30-5571ccfb25d0}.Debug|Any CPU.ActiveCfg = Debug|Any CPU
		{0bcdf6a9-6a0f-5bd4-ea30-5571ccfb25d0}.Debug|Any CPU.Build.0 = Debug|Any CPU
		{671a7659-29ec-aaeb-f6b7-16161ec94ffd}.Debug|Any CPU.ActiveCfg = Debug|Any CPU
		{671a7659-29ec-aaeb-f6b7-16161ec94ffd}.Debug|Any CPU.Build.0 = Debug|Any CPU
		{480e5cde-2bf1-ab23-829b-f82a9f6e5e7d}.Debug|Any CPU.ActiveCfg = Debug|Any CPU
		{480e5cde-2bf1-ab23-829b-f82a9f6e5e7d}.Debug|Any CPU.Build.0 = Debug|Any CPU
		{085d9882-dbe0-1476-85d6-13e1295bf091}.Debug|Any CPU.ActiveCfg = Debug|Any CPU
		{085d9882-dbe0-1476-85d6-13e1295bf091}.Debug|Any CPU.Build.0 = Debug|Any CPU
	EndGlobalSection
	GlobalSection(SolutionProperties) = preSolution
		HideSolutionNode = FALSE
	EndGlobalSection
EndGlobal
